
Microsoft Visual Studio Solution File, Format Version 12.00
# Visual Studio 2013
VisualStudioVersion = 12.0.40629.0
MinimumVisualStudioVersion = 10.0.40219.1
Project("{F184B08F-C81C-45F6-A57F-5ABD9991F28F}") = "Number", "Number\Number.vbproj", "{CC12F2B5-F005-4F27-B5BD-81731E44DD0C}"
EndProject
Project("{F184B08F-C81C-45F6-A57F-5ABD9991F28F}") = "UpdateForm", "UpdateForm\UpdateForm.vbproj", "{49B7ACCB-D862-4194-8AE6-F9FFBD424060}"
EndProject
Project("{2150E333-8FDC-42A3-9474-1A3956D46DE8}") = "Solution Items", "Solution Items", "{769BC24B-912A-4DC2-B615-F1CA3415D49F}"
	ProjectSection(SolutionItems) = preProject
		NumberDB.ico = NumberDB.ico
	EndProjectSection
EndProject
Global
	GlobalSection(SolutionConfigurationPlatforms) = preSolution
		Debug|Any CPU = Debug|Any CPU
		Release|Any CPU = Release|Any CPU
	EndGlobalSection
	GlobalSection(ProjectConfigurationPlatforms) = postSolution
		{CC12F2B5-F005-4F27-B5BD-81731E44DD0C}.Debug|Any CPU.ActiveCfg = Release|Any CPU
		{CC12F2B5-F005-4F27-B5BD-81731E44DD0C}.Debug|Any CPU.Build.0 = Release|Any CPU
		{CC12F2B5-F005-4F27-B5BD-81731E44DD0C}.Release|Any CPU.ActiveCfg = Release|Any CPU
		{CC12F2B5-F005-4F27-B5BD-81731E44DD0C}.Release|Any CPU.Build.0 = Release|Any CPU
		{49B7ACCB-D862-4194-8AE6-F9FFBD424060}.Debug|Any CPU.ActiveCfg = Debug|Any CPU
		{49B7ACCB-D862-4194-8AE6-F9FFBD424060}.Debug|Any CPU.Build.0 = Debug|Any CPU
		{49B7ACCB-D862-4194-8AE6-F9FFBD424060}.Release|Any CPU.ActiveCfg = Release|Any CPU
		{49B7ACCB-D862-4194-8AE6-F9FFBD424060}.Release|Any CPU.Build.0 = Release|Any CPU
	EndGlobalSection
	GlobalSection(SolutionProperties) = preSolution
		HideSolutionNode = FALSE
	EndGlobalSection
EndGlobal
